// !$*UTF8*$!
{
	archiveVersion = 1;
	classes = {
	};
	objectVersion = 56;
	objects = {

/* Begin PBXBuildFile section */
		FB2AEB302B55BC16008B094C /* TrackerColorNames.swift in Sources */ = {isa = PBXBuildFile; fileRef = FB2AEB2F2B55BC16008B094C /* TrackerColorNames.swift */; };
		FB2AEB322B56F917008B094C /* TrackerCreationEmojiCell.swift in Sources */ = {isa = PBXBuildFile; fileRef = FB2AEB312B56F917008B094C /* TrackerCreationEmojiCell.swift */; };
		FB2AEB342B585FAC008B094C /* TrackerCreationColorCell.swift in Sources */ = {isa = PBXBuildFile; fileRef = FB2AEB332B585FAC008B094C /* TrackerCreationColorCell.swift */; };
		FB2AEB362B5D924B008B094C /* DataProvider.swift in Sources */ = {isa = PBXBuildFile; fileRef = FB2AEB352B5D924B008B094C /* DataProvider.swift */; };
		FB2AEB382B5D9D8A008B094C /* CoreDataNames.swift in Sources */ = {isa = PBXBuildFile; fileRef = FB2AEB372B5D9D8A008B094C /* CoreDataNames.swift */; };
		FB2AEB3C2B5EE1F1008B094C /* ScheduleTransformer.swift in Sources */ = {isa = PBXBuildFile; fileRef = FB2AEB3B2B5EE1F1008B094C /* ScheduleTransformer.swift */; };
		FB2AEB402B6332B8008B094C /* CDErrors.swift in Sources */ = {isa = PBXBuildFile; fileRef = FB2AEB3F2B6332B8008B094C /* CDErrors.swift */; };
		FB2AEB422B645A93008B094C /* DateExtension.swift in Sources */ = {isa = PBXBuildFile; fileRef = FB2AEB412B645A93008B094C /* DateExtension.swift */; };
		FB37C12A2B328DC30072AF20 /* AppDelegate.swift in Sources */ = {isa = PBXBuildFile; fileRef = FB37C1292B328DC30072AF20 /* AppDelegate.swift */; };
		FB37C1332B328DC40072AF20 /* Assets.xcassets in Resources */ = {isa = PBXBuildFile; fileRef = FB37C1322B328DC40072AF20 /* Assets.xcassets */; };
		FB37C1362B328DC40072AF20 /* LaunchScreen.storyboard in Resources */ = {isa = PBXBuildFile; fileRef = FB37C1342B328DC40072AF20 /* LaunchScreen.storyboard */; };
		FB37C13E2B32908D0072AF20 /* TabBarController.swift in Sources */ = {isa = PBXBuildFile; fileRef = FB37C13D2B32908D0072AF20 /* TabBarController.swift */; };
		FB37C14A2B335F4D0072AF20 /* TrackersNavigationController.swift in Sources */ = {isa = PBXBuildFile; fileRef = FB37C1492B335F4D0072AF20 /* TrackersNavigationController.swift */; };
		FB37C14C2B335FA80072AF20 /* TrakersPresenter.swift in Sources */ = {isa = PBXBuildFile; fileRef = FB37C14B2B335FA80072AF20 /* TrakersPresenter.swift */; };
		FB37C14E2B3361CA0072AF20 /* TrackersViewController.swift in Sources */ = {isa = PBXBuildFile; fileRef = FB37C14D2B3361CA0072AF20 /* TrackersViewController.swift */; };
		FB37C1502B3363EC0072AF20 /* TrackerTypeSelectionViewController.swift in Sources */ = {isa = PBXBuildFile; fileRef = FB37C14F2B3363EC0072AF20 /* TrackerTypeSelectionViewController.swift */; };
		FB37C1522B33641B0072AF20 /* Images.swift in Sources */ = {isa = PBXBuildFile; fileRef = FB37C1512B33641B0072AF20 /* Images.swift */; };
		FB37C1542B33644C0072AF20 /* ColorNames.swift in Sources */ = {isa = PBXBuildFile; fileRef = FB37C1532B33644C0072AF20 /* ColorNames.swift */; };
		FB37C1582B3364EF0072AF20 /* CustomTextField.swift in Sources */ = {isa = PBXBuildFile; fileRef = FB37C1572B3364EF0072AF20 /* CustomTextField.swift */; };
		FB37C15A2B3365230072AF20 /* AlertPresenter.swift in Sources */ = {isa = PBXBuildFile; fileRef = FB37C1592B3365230072AF20 /* AlertPresenter.swift */; };
		FB37C15C2B3365A10072AF20 /* TrackerCreationViewController.swift in Sources */ = {isa = PBXBuildFile; fileRef = FB37C15B2B3365A10072AF20 /* TrackerCreationViewController.swift */; };
		FB37C15E2B3366260072AF20 /* TrackerScheduleViewController.swift in Sources */ = {isa = PBXBuildFile; fileRef = FB37C15D2B3366260072AF20 /* TrackerScheduleViewController.swift */; };
		FB37C1602B33673C0072AF20 /* Tracker.swift in Sources */ = {isa = PBXBuildFile; fileRef = FB37C15F2B33673C0072AF20 /* Tracker.swift */; };
		FB37C1622B33677A0072AF20 /* TrackerCategory.swift in Sources */ = {isa = PBXBuildFile; fileRef = FB37C1612B33677A0072AF20 /* TrackerCategory.swift */; };
		FB37C1642B3367A40072AF20 /* TrackerRecord.swift in Sources */ = {isa = PBXBuildFile; fileRef = FB37C1632B3367A40072AF20 /* TrackerRecord.swift */; };
		FB37C1662B3367C00072AF20 /* TrackerType.swift in Sources */ = {isa = PBXBuildFile; fileRef = FB37C1652B3367C00072AF20 /* TrackerType.swift */; };
		FB37C1682B3367FE0072AF20 /* TrackerSchedule.swift in Sources */ = {isa = PBXBuildFile; fileRef = FB37C1672B3367FE0072AF20 /* TrackerSchedule.swift */; };
		FB37C16C2B336A280072AF20 /* TrackerCell.swift in Sources */ = {isa = PBXBuildFile; fileRef = FB37C16B2B336A280072AF20 /* TrackerCell.swift */; };
		FB37C16E2B336A630072AF20 /* TrackerScheduleTableCell.swift in Sources */ = {isa = PBXBuildFile; fileRef = FB37C16D2B336A630072AF20 /* TrackerScheduleTableCell.swift */; };
		FB37C1702B336A9E0072AF20 /* TrackersCollectionPlugView.swift in Sources */ = {isa = PBXBuildFile; fileRef = FB37C16F2B336A9E0072AF20 /* TrackersCollectionPlugView.swift */; };
		FB37C1722B336AD00072AF20 /* TrackersSectionHeader.swift in Sources */ = {isa = PBXBuildFile; fileRef = FB37C1712B336AD00072AF20 /* TrackersSectionHeader.swift */; };
		FB37C1742B336B260072AF20 /* StatisticsViewController.swift in Sources */ = {isa = PBXBuildFile; fileRef = FB37C1732B336B260072AF20 /* StatisticsViewController.swift */; };
		FB4E28242B38C42D002FD200 /* UILabelExtension.swift in Sources */ = {isa = PBXBuildFile; fileRef = FB4E28232B38C42D002FD200 /* UILabelExtension.swift */; };
		FB627DFE2B4F0D580049F7BC /* TrackerStore.swift in Sources */ = {isa = PBXBuildFile; fileRef = FB627DFD2B4F0D580049F7BC /* TrackerStore.swift */; };
		FB627E002B4F0D720049F7BC /* TrackerCategoryStore.swift in Sources */ = {isa = PBXBuildFile; fileRef = FB627DFF2B4F0D720049F7BC /* TrackerCategoryStore.swift */; };
		FB627E022B4F0D890049F7BC /* TrackerRecordStore.swift in Sources */ = {isa = PBXBuildFile; fileRef = FB627E012B4F0D890049F7BC /* TrackerRecordStore.swift */; };
		FBCF1B262B3DEB2400F05B15 /* Tracker.xcdatamodeld in Sources */ = {isa = PBXBuildFile; fileRef = FBCF1B242B3DEB2400F05B15 /* Tracker.xcdatamodeld */; };
/* End PBXBuildFile section */

/* Begin PBXFileReference section */
		FB2AEB2F2B55BC16008B094C /* TrackerColorNames.swift */ = {isa = PBXFileReference; lastKnownFileType = sourcecode.swift; path = TrackerColorNames.swift; sourceTree = "<group>"; };
		FB2AEB312B56F917008B094C /* TrackerCreationEmojiCell.swift */ = {isa = PBXFileReference; lastKnownFileType = sourcecode.swift; path = TrackerCreationEmojiCell.swift; sourceTree = "<group>"; };
		FB2AEB332B585FAC008B094C /* TrackerCreationColorCell.swift */ = {isa = PBXFileReference; lastKnownFileType = sourcecode.swift; path = TrackerCreationColorCell.swift; sourceTree = "<group>"; };
		FB2AEB352B5D924B008B094C /* DataProvider.swift */ = {isa = PBXFileReference; lastKnownFileType = sourcecode.swift; path = DataProvider.swift; sourceTree = "<group>"; };
		FB2AEB372B5D9D8A008B094C /* CoreDataNames.swift */ = {isa = PBXFileReference; lastKnownFileType = sourcecode.swift; path = CoreDataNames.swift; sourceTree = "<group>"; };
		FB2AEB3B2B5EE1F1008B094C /* ScheduleTransformer.swift */ = {isa = PBXFileReference; lastKnownFileType = sourcecode.swift; path = ScheduleTransformer.swift; sourceTree = "<group>"; };
		FB2AEB3F2B6332B8008B094C /* CDErrors.swift */ = {isa = PBXFileReference; lastKnownFileType = sourcecode.swift; path = CDErrors.swift; sourceTree = "<group>"; };
		FB2AEB412B645A93008B094C /* DateExtension.swift */ = {isa = PBXFileReference; lastKnownFileType = sourcecode.swift; path = DateExtension.swift; sourceTree = "<group>"; };
		FB37C1262B328DC30072AF20 /* Tracker.app */ = {isa = PBXFileReference; explicitFileType = wrapper.application; includeInIndex = 0; path = Tracker.app; sourceTree = BUILT_PRODUCTS_DIR; };
		FB37C1292B328DC30072AF20 /* AppDelegate.swift */ = {isa = PBXFileReference; lastKnownFileType = sourcecode.swift; path = AppDelegate.swift; sourceTree = "<group>"; };
		FB37C1322B328DC40072AF20 /* Assets.xcassets */ = {isa = PBXFileReference; lastKnownFileType = folder.assetcatalog; path = Assets.xcassets; sourceTree = "<group>"; };
		FB37C1352B328DC40072AF20 /* Base */ = {isa = PBXFileReference; lastKnownFileType = file.storyboard; name = Base; path = Base.lproj/LaunchScreen.storyboard; sourceTree = "<group>"; };
		FB37C1372B328DC40072AF20 /* Info.plist */ = {isa = PBXFileReference; lastKnownFileType = text.plist.xml; path = Info.plist; sourceTree = "<group>"; };
		FB37C13D2B32908D0072AF20 /* TabBarController.swift */ = {isa = PBXFileReference; lastKnownFileType = sourcecode.swift; path = TabBarController.swift; sourceTree = "<group>"; };
		FB37C1492B335F4D0072AF20 /* TrackersNavigationController.swift */ = {isa = PBXFileReference; lastKnownFileType = sourcecode.swift; path = TrackersNavigationController.swift; sourceTree = "<group>"; };
		FB37C14B2B335FA80072AF20 /* TrakersPresenter.swift */ = {isa = PBXFileReference; lastKnownFileType = sourcecode.swift; path = TrakersPresenter.swift; sourceTree = "<group>"; };
		FB37C14D2B3361CA0072AF20 /* TrackersViewController.swift */ = {isa = PBXFileReference; lastKnownFileType = sourcecode.swift; path = TrackersViewController.swift; sourceTree = "<group>"; };
		FB37C14F2B3363EC0072AF20 /* TrackerTypeSelectionViewController.swift */ = {isa = PBXFileReference; lastKnownFileType = sourcecode.swift; path = TrackerTypeSelectionViewController.swift; sourceTree = "<group>"; };
		FB37C1512B33641B0072AF20 /* Images.swift */ = {isa = PBXFileReference; lastKnownFileType = sourcecode.swift; path = Images.swift; sourceTree = "<group>"; };
		FB37C1532B33644C0072AF20 /* ColorNames.swift */ = {isa = PBXFileReference; lastKnownFileType = sourcecode.swift; path = ColorNames.swift; sourceTree = "<group>"; };
		FB37C1572B3364EF0072AF20 /* CustomTextField.swift */ = {isa = PBXFileReference; lastKnownFileType = sourcecode.swift; path = CustomTextField.swift; sourceTree = "<group>"; };
		FB37C1592B3365230072AF20 /* AlertPresenter.swift */ = {isa = PBXFileReference; lastKnownFileType = sourcecode.swift; path = AlertPresenter.swift; sourceTree = "<group>"; };
		FB37C15B2B3365A10072AF20 /* TrackerCreationViewController.swift */ = {isa = PBXFileReference; lastKnownFileType = sourcecode.swift; path = TrackerCreationViewController.swift; sourceTree = "<group>"; };
		FB37C15D2B3366260072AF20 /* TrackerScheduleViewController.swift */ = {isa = PBXFileReference; lastKnownFileType = sourcecode.swift; path = TrackerScheduleViewController.swift; sourceTree = "<group>"; };
		FB37C15F2B33673C0072AF20 /* Tracker.swift */ = {isa = PBXFileReference; lastKnownFileType = sourcecode.swift; path = Tracker.swift; sourceTree = "<group>"; };
		FB37C1612B33677A0072AF20 /* TrackerCategory.swift */ = {isa = PBXFileReference; lastKnownFileType = sourcecode.swift; path = TrackerCategory.swift; sourceTree = "<group>"; };
		FB37C1632B3367A40072AF20 /* TrackerRecord.swift */ = {isa = PBXFileReference; lastKnownFileType = sourcecode.swift; path = TrackerRecord.swift; sourceTree = "<group>"; };
		FB37C1652B3367C00072AF20 /* TrackerType.swift */ = {isa = PBXFileReference; lastKnownFileType = sourcecode.swift; path = TrackerType.swift; sourceTree = "<group>"; };
		FB37C1672B3367FE0072AF20 /* TrackerSchedule.swift */ = {isa = PBXFileReference; lastKnownFileType = sourcecode.swift; path = TrackerSchedule.swift; sourceTree = "<group>"; };
		FB37C16B2B336A280072AF20 /* TrackerCell.swift */ = {isa = PBXFileReference; lastKnownFileType = sourcecode.swift; path = TrackerCell.swift; sourceTree = "<group>"; };
		FB37C16D2B336A630072AF20 /* TrackerScheduleTableCell.swift */ = {isa = PBXFileReference; lastKnownFileType = sourcecode.swift; path = TrackerScheduleTableCell.swift; sourceTree = "<group>"; };
		FB37C16F2B336A9E0072AF20 /* TrackersCollectionPlugView.swift */ = {isa = PBXFileReference; lastKnownFileType = sourcecode.swift; path = TrackersCollectionPlugView.swift; sourceTree = "<group>"; };
		FB37C1712B336AD00072AF20 /* TrackersSectionHeader.swift */ = {isa = PBXFileReference; lastKnownFileType = sourcecode.swift; path = TrackersSectionHeader.swift; sourceTree = "<group>"; };
		FB37C1732B336B260072AF20 /* StatisticsViewController.swift */ = {isa = PBXFileReference; lastKnownFileType = sourcecode.swift; path = StatisticsViewController.swift; sourceTree = "<group>"; };
		FB4E28232B38C42D002FD200 /* UILabelExtension.swift */ = {isa = PBXFileReference; lastKnownFileType = sourcecode.swift; path = UILabelExtension.swift; sourceTree = "<group>"; };
		FB627DFD2B4F0D580049F7BC /* TrackerStore.swift */ = {isa = PBXFileReference; lastKnownFileType = sourcecode.swift; path = TrackerStore.swift; sourceTree = "<group>"; };
		FB627DFF2B4F0D720049F7BC /* TrackerCategoryStore.swift */ = {isa = PBXFileReference; lastKnownFileType = sourcecode.swift; path = TrackerCategoryStore.swift; sourceTree = "<group>"; };
		FB627E012B4F0D890049F7BC /* TrackerRecordStore.swift */ = {isa = PBXFileReference; lastKnownFileType = sourcecode.swift; path = TrackerRecordStore.swift; sourceTree = "<group>"; };
		FBCF1B252B3DEB2400F05B15 /* Tracker.xcdatamodel */ = {isa = PBXFileReference; lastKnownFileType = wrapper.xcdatamodel; path = Tracker.xcdatamodel; sourceTree = "<group>"; };
/* End PBXFileReference section */

/* Begin PBXFrameworksBuildPhase section */
		FB37C1232B328DC30072AF20 /* Frameworks */ = {
			isa = PBXFrameworksBuildPhase;
			buildActionMask = 2147483647;
			files = (
			);
			runOnlyForDeploymentPostprocessing = 0;
		};
/* End PBXFrameworksBuildPhase section */

/* Begin PBXGroup section */
		FB2AEB392B5EE08D008B094C /* Entities */ = {
			isa = PBXGroup;
			children = (
				FB627DFF2B4F0D720049F7BC /* TrackerCategoryStore.swift */,
				FB627E012B4F0D890049F7BC /* TrackerRecordStore.swift */,
				FB627DFD2B4F0D580049F7BC /* TrackerStore.swift */,
			);
			path = Entities;
			sourceTree = "<group>";
		};
		FB2AEB3A2B5EE1A9008B094C /* Transformation */ = {
			isa = PBXGroup;
			children = (
				FB2AEB3B2B5EE1F1008B094C /* ScheduleTransformer.swift */,
			);
			path = Transformation;
			sourceTree = "<group>";
		};
		FB37C11D2B328DC30072AF20 = {
			isa = PBXGroup;
			children = (
				FB37C1282B328DC30072AF20 /* Tracker */,
				FB37C1272B328DC30072AF20 /* Products */,
			);
			sourceTree = "<group>";
		};
		FB37C1272B328DC30072AF20 /* Products */ = {
			isa = PBXGroup;
			children = (
				FB37C1262B328DC30072AF20 /* Tracker.app */,
			);
			name = Products;
			sourceTree = "<group>";
		};
		FB37C1282B328DC30072AF20 /* Tracker */ = {
			isa = PBXGroup;
			children = (
				FB37C1292B328DC30072AF20 /* AppDelegate.swift */,
				FB37C13F2B3291180072AF20 /* Constants */,
				FB627DFC2B4F0D200049F7BC /* CoreDataStuff */,
				FB37C1402B32912F0072AF20 /* CustomUIElements */,
				FB37C1412B32914A0072AF20 /* Helpers */,
				FB37C1422B3291600072AF20 /* TrackerStuff */,
				FB37C1432B3291740072AF20 /* StatisticStuff */,
				FB37C13D2B32908D0072AF20 /* TabBarController.swift */,
				FB37C1322B328DC40072AF20 /* Assets.xcassets */,
				FB37C1342B328DC40072AF20 /* LaunchScreen.storyboard */,
				FB37C1372B328DC40072AF20 /* Info.plist */,
			);
			path = Tracker;
			sourceTree = "<group>";
		};
		FB37C13F2B3291180072AF20 /* Constants */ = {
			isa = PBXGroup;
			children = (
				FB37C1532B33644C0072AF20 /* ColorNames.swift */,
				FB2AEB372B5D9D8A008B094C /* CoreDataNames.swift */,
				FB37C1512B33641B0072AF20 /* Images.swift */,
				FB2AEB2F2B55BC16008B094C /* TrackerColorNames.swift */,
			);
			path = Constants;
			sourceTree = "<group>";
		};
		FB37C1402B32912F0072AF20 /* CustomUIElements */ = {
			isa = PBXGroup;
			children = (
				FB37C1572B3364EF0072AF20 /* CustomTextField.swift */,
				FB4E28232B38C42D002FD200 /* UILabelExtension.swift */,
			);
			path = CustomUIElements;
			sourceTree = "<group>";
		};
		FB37C1412B32914A0072AF20 /* Helpers */ = {
			isa = PBXGroup;
			children = (
				FB37C1592B3365230072AF20 /* AlertPresenter.swift */,
				FB2AEB412B645A93008B094C /* DateExtension.swift */,
			);
			path = Helpers;
			sourceTree = "<group>";
		};
		FB37C1422B3291600072AF20 /* TrackerStuff */ = {
			isa = PBXGroup;
			children = (
				FB37C1452B335CFB0072AF20 /* Controllers */,
				FB37C1462B335D120072AF20 /* Models */,
				FB37C1472B335D2C0072AF20 /* Views */,
				FB37C1482B335D380072AF20 /* Presenters */,
			);
			path = TrackerStuff;
			sourceTree = "<group>";
		};
		FB37C1432B3291740072AF20 /* StatisticStuff */ = {
			isa = PBXGroup;
			children = (
				FB37C1732B336B260072AF20 /* StatisticsViewController.swift */,
			);
			path = StatisticStuff;
			sourceTree = "<group>";
		};
		FB37C1452B335CFB0072AF20 /* Controllers */ = {
			isa = PBXGroup;
			children = (
				FB37C1492B335F4D0072AF20 /* TrackersNavigationController.swift */,
				FB37C14D2B3361CA0072AF20 /* TrackersViewController.swift */,
				FB37C14F2B3363EC0072AF20 /* TrackerTypeSelectionViewController.swift */,
				FB37C15B2B3365A10072AF20 /* TrackerCreationViewController.swift */,
				FB37C15D2B3366260072AF20 /* TrackerScheduleViewController.swift */,
			);
			path = Controllers;
			sourceTree = "<group>";
		};
		FB37C1462B335D120072AF20 /* Models */ = {
			isa = PBXGroup;
			children = (
				FB37C15F2B33673C0072AF20 /* Tracker.swift */,
				FB37C1612B33677A0072AF20 /* TrackerCategory.swift */,
				FB37C1632B3367A40072AF20 /* TrackerRecord.swift */,
				FB37C1652B3367C00072AF20 /* TrackerType.swift */,
				FB37C1672B3367FE0072AF20 /* TrackerSchedule.swift */,
			);
			path = Models;
			sourceTree = "<group>";
		};
		FB37C1472B335D2C0072AF20 /* Views */ = {
			isa = PBXGroup;
			children = (
				FB37C16B2B336A280072AF20 /* TrackerCell.swift */,
				FB2AEB332B585FAC008B094C /* TrackerCreationColorCell.swift */,
				FB2AEB312B56F917008B094C /* TrackerCreationEmojiCell.swift */,
				FB37C16D2B336A630072AF20 /* TrackerScheduleTableCell.swift */,
				FB37C16F2B336A9E0072AF20 /* TrackersCollectionPlugView.swift */,
				FB37C1712B336AD00072AF20 /* TrackersSectionHeader.swift */,
			);
			path = Views;
			sourceTree = "<group>";
		};
		FB37C1482B335D380072AF20 /* Presenters */ = {
			isa = PBXGroup;
			children = (
				FB37C14B2B335FA80072AF20 /* TrakersPresenter.swift */,
			);
			path = Presenters;
			sourceTree = "<group>";
		};
		FB627DFC2B4F0D200049F7BC /* CoreDataStuff */ = {
			isa = PBXGroup;
			children = (
				FB2AEB3F2B6332B8008B094C /* CDErrors.swift */,
				FB2AEB352B5D924B008B094C /* DataProvider.swift */,
				FB2AEB392B5EE08D008B094C /* Entities */,
				FB2AEB3A2B5EE1A9008B094C /* Transformation */,
				FBCF1B242B3DEB2400F05B15 /* Tracker.xcdatamodeld */,
			);
			path = CoreDataStuff;
			sourceTree = "<group>";
		};
/* End PBXGroup section */

/* Begin PBXNativeTarget section */
		FB37C1252B328DC30072AF20 /* Tracker */ = {
			isa = PBXNativeTarget;
			buildConfigurationList = FB37C13A2B328DC40072AF20 /* Build configuration list for PBXNativeTarget "Tracker" */;
			buildPhases = (
				FB37C1222B328DC30072AF20 /* Sources */,
				FB37C1232B328DC30072AF20 /* Frameworks */,
				FB37C1242B328DC30072AF20 /* Resources */,
			);
			buildRules = (
			);
			dependencies = (
			);
			name = Tracker;
			productName = Tracker;
			productReference = FB37C1262B328DC30072AF20 /* Tracker.app */;
			productType = "com.apple.product-type.application";
		};
/* End PBXNativeTarget section */

/* Begin PBXProject section */
		FB37C11E2B328DC30072AF20 /* Project object */ = {
			isa = PBXProject;
			attributes = {
				BuildIndependentTargetsInParallel = 1;
				LastSwiftUpdateCheck = 1500;
				LastUpgradeCheck = 1500;
				TargetAttributes = {
					FB37C1252B328DC30072AF20 = {
						CreatedOnToolsVersion = 15.0.1;
					};
				};
			};
			buildConfigurationList = FB37C1212B328DC30072AF20 /* Build configuration list for PBXProject "Tracker" */;
			compatibilityVersion = "Xcode 14.0";
			developmentRegion = en;
			hasScannedForEncodings = 0;
			knownRegions = (
				en,
				Base,
			);
			mainGroup = FB37C11D2B328DC30072AF20;
			productRefGroup = FB37C1272B328DC30072AF20 /* Products */;
			projectDirPath = "";
			projectRoot = "";
			targets = (
				FB37C1252B328DC30072AF20 /* Tracker */,
			);
		};
/* End PBXProject section */

/* Begin PBXResourcesBuildPhase section */
		FB37C1242B328DC30072AF20 /* Resources */ = {
			isa = PBXResourcesBuildPhase;
			buildActionMask = 2147483647;
			files = (
				FB37C1362B328DC40072AF20 /* LaunchScreen.storyboard in Resources */,
				FB37C1332B328DC40072AF20 /* Assets.xcassets in Resources */,
			);
			runOnlyForDeploymentPostprocessing = 0;
		};
/* End PBXResourcesBuildPhase section */

/* Begin PBXSourcesBuildPhase section */
		FB37C1222B328DC30072AF20 /* Sources */ = {
			isa = PBXSourcesBuildPhase;
			buildActionMask = 2147483647;
			files = (
				FB37C16C2B336A280072AF20 /* TrackerCell.swift in Sources */,
				FB37C15A2B3365230072AF20 /* AlertPresenter.swift in Sources */,
				FB37C1742B336B260072AF20 /* StatisticsViewController.swift in Sources */,
				FB627E002B4F0D720049F7BC /* TrackerCategoryStore.swift in Sources */,
				FB2AEB422B645A93008B094C /* DateExtension.swift in Sources */,
				FB2AEB382B5D9D8A008B094C /* CoreDataNames.swift in Sources */,
				FB2AEB322B56F917008B094C /* TrackerCreationEmojiCell.swift in Sources */,
				FB37C1522B33641B0072AF20 /* Images.swift in Sources */,
				FB37C1682B3367FE0072AF20 /* TrackerSchedule.swift in Sources */,
				FB37C1662B3367C00072AF20 /* TrackerType.swift in Sources */,
				FB37C1502B3363EC0072AF20 /* TrackerTypeSelectionViewController.swift in Sources */,
				FB37C14A2B335F4D0072AF20 /* TrackersNavigationController.swift in Sources */,
				FB37C1582B3364EF0072AF20 /* CustomTextField.swift in Sources */,
				FB2AEB342B585FAC008B094C /* TrackerCreationColorCell.swift in Sources */,
				FB2AEB3C2B5EE1F1008B094C /* ScheduleTransformer.swift in Sources */,
				FB2AEB402B6332B8008B094C /* CDErrors.swift in Sources */,
				FB37C1602B33673C0072AF20 /* Tracker.swift in Sources */,
				FB37C14C2B335FA80072AF20 /* TrakersPresenter.swift in Sources */,
				FB627DFE2B4F0D580049F7BC /* TrackerStore.swift in Sources */,
				FB37C1702B336A9E0072AF20 /* TrackersCollectionPlugView.swift in Sources */,
				FB2AEB362B5D924B008B094C /* DataProvider.swift in Sources */,
				FB37C1722B336AD00072AF20 /* TrackersSectionHeader.swift in Sources */,
				FB37C14E2B3361CA0072AF20 /* TrackersViewController.swift in Sources */,
				FB37C1642B3367A40072AF20 /* TrackerRecord.swift in Sources */,
				FB4E28242B38C42D002FD200 /* UILabelExtension.swift in Sources */,
				FB37C1622B33677A0072AF20 /* TrackerCategory.swift in Sources */,
				FB37C15E2B3366260072AF20 /* TrackerScheduleViewController.swift in Sources */,
				FBCF1B262B3DEB2400F05B15 /* Tracker.xcdatamodeld in Sources */,
				FB37C12A2B328DC30072AF20 /* AppDelegate.swift in Sources */,
				FB627E022B4F0D890049F7BC /* TrackerRecordStore.swift in Sources */,
				FB37C1542B33644C0072AF20 /* ColorNames.swift in Sources */,
				FB37C15C2B3365A10072AF20 /* TrackerCreationViewController.swift in Sources */,
				FB37C13E2B32908D0072AF20 /* TabBarController.swift in Sources */,
				FB37C16E2B336A630072AF20 /* TrackerScheduleTableCell.swift in Sources */,
				FB2AEB302B55BC16008B094C /* TrackerColorNames.swift in Sources */,
			);
			runOnlyForDeploymentPostprocessing = 0;
		};
/* End PBXSourcesBuildPhase section */

/* Begin PBXVariantGroup section */
		FB37C1342B328DC40072AF20 /* LaunchScreen.storyboard */ = {
			isa = PBXVariantGroup;
			children = (
				FB37C1352B328DC40072AF20 /* Base */,
			);
			name = LaunchScreen.storyboard;
			sourceTree = "<group>";
		};
/* End PBXVariantGroup section */

/* Begin XCBuildConfiguration section */
		FB37C1382B328DC40072AF20 /* Debug */ = {
			isa = XCBuildConfiguration;
			buildSettings = {
				ALWAYS_SEARCH_USER_PATHS = NO;
				ASSETCATALOG_COMPILER_GENERATE_SWIFT_ASSET_SYMBOL_EXTENSIONS = YES;
				CLANG_ANALYZER_NONNULL = YES;
				CLANG_ANALYZER_NUMBER_OBJECT_CONVERSION = YES_AGGRESSIVE;
				CLANG_CXX_LANGUAGE_STANDARD = "gnu++20";
				CLANG_ENABLE_MODULES = YES;
				CLANG_ENABLE_OBJC_ARC = YES;
				CLANG_ENABLE_OBJC_WEAK = YES;
				CLANG_WARN_BLOCK_CAPTURE_AUTORELEASING = YES;
				CLANG_WARN_BOOL_CONVERSION = YES;
				CLANG_WARN_COMMA = YES;
				CLANG_WARN_CONSTANT_CONVERSION = YES;
				CLANG_WARN_DEPRECATED_OBJC_IMPLEMENTATIONS = YES;
				CLANG_WARN_DIRECT_OBJC_ISA_USAGE = YES_ERROR;
				CLANG_WARN_DOCUMENTATION_COMMENTS = YES;
				CLANG_WARN_EMPTY_BODY = YES;
				CLANG_WARN_ENUM_CONVERSION = YES;
				CLANG_WARN_INFINITE_RECURSION = YES;
				CLANG_WARN_INT_CONVERSION = YES;
				CLANG_WARN_NON_LITERAL_NULL_CONVERSION = YES;
				CLANG_WARN_OBJC_IMPLICIT_RETAIN_SELF = YES;
				CLANG_WARN_OBJC_LITERAL_CONVERSION = YES;
				CLANG_WARN_OBJC_ROOT_CLASS = YES_ERROR;
				CLANG_WARN_QUOTED_INCLUDE_IN_FRAMEWORK_HEADER = YES;
				CLANG_WARN_RANGE_LOOP_ANALYSIS = YES;
				CLANG_WARN_STRICT_PROTOTYPES = YES;
				CLANG_WARN_SUSPICIOUS_MOVE = YES;
				CLANG_WARN_UNGUARDED_AVAILABILITY = YES_AGGRESSIVE;
				CLANG_WARN_UNREACHABLE_CODE = YES;
				CLANG_WARN__DUPLICATE_METHOD_MATCH = YES;
				COPY_PHASE_STRIP = NO;
				DEBUG_INFORMATION_FORMAT = dwarf;
				ENABLE_STRICT_OBJC_MSGSEND = YES;
				ENABLE_TESTABILITY = YES;
				ENABLE_USER_SCRIPT_SANDBOXING = YES;
				GCC_C_LANGUAGE_STANDARD = gnu17;
				GCC_DYNAMIC_NO_PIC = NO;
				GCC_NO_COMMON_BLOCKS = YES;
				GCC_OPTIMIZATION_LEVEL = 0;
				GCC_PREPROCESSOR_DEFINITIONS = (
					"DEBUG=1",
					"$(inherited)",
				);
				GCC_WARN_64_TO_32_BIT_CONVERSION = YES;
				GCC_WARN_ABOUT_RETURN_TYPE = YES_ERROR;
				GCC_WARN_UNDECLARED_SELECTOR = YES;
				GCC_WARN_UNINITIALIZED_AUTOS = YES_AGGRESSIVE;
				GCC_WARN_UNUSED_FUNCTION = YES;
				GCC_WARN_UNUSED_VARIABLE = YES;
				IPHONEOS_DEPLOYMENT_TARGET = 17.0;
				LOCALIZATION_PREFERS_STRING_CATALOGS = YES;
				MTL_ENABLE_DEBUG_INFO = INCLUDE_SOURCE;
				MTL_FAST_MATH = YES;
				ONLY_ACTIVE_ARCH = YES;
				SDKROOT = iphoneos;
				SWIFT_ACTIVE_COMPILATION_CONDITIONS = "DEBUG $(inherited)";
				SWIFT_OPTIMIZATION_LEVEL = "-Onone";
			};
			name = Debug;
		};
		FB37C1392B328DC40072AF20 /* Release */ = {
			isa = XCBuildConfiguration;
			buildSettings = {
				ALWAYS_SEARCH_USER_PATHS = NO;
				ASSETCATALOG_COMPILER_GENERATE_SWIFT_ASSET_SYMBOL_EXTENSIONS = YES;
				CLANG_ANALYZER_NONNULL = YES;
				CLANG_ANALYZER_NUMBER_OBJECT_CONVERSION = YES_AGGRESSIVE;
				CLANG_CXX_LANGUAGE_STANDARD = "gnu++20";
				CLANG_ENABLE_MODULES = YES;
				CLANG_ENABLE_OBJC_ARC = YES;
				CLANG_ENABLE_OBJC_WEAK = YES;
				CLANG_WARN_BLOCK_CAPTURE_AUTORELEASING = YES;
				CLANG_WARN_BOOL_CONVERSION = YES;
				CLANG_WARN_COMMA = YES;
				CLANG_WARN_CONSTANT_CONVERSION = YES;
				CLANG_WARN_DEPRECATED_OBJC_IMPLEMENTATIONS = YES;
				CLANG_WARN_DIRECT_OBJC_ISA_USAGE = YES_ERROR;
				CLANG_WARN_DOCUMENTATION_COMMENTS = YES;
				CLANG_WARN_EMPTY_BODY = YES;
				CLANG_WARN_ENUM_CONVERSION = YES;
				CLANG_WARN_INFINITE_RECURSION = YES;
				CLANG_WARN_INT_CONVERSION = YES;
				CLANG_WARN_NON_LITERAL_NULL_CONVERSION = YES;
				CLANG_WARN_OBJC_IMPLICIT_RETAIN_SELF = YES;
				CLANG_WARN_OBJC_LITERAL_CONVERSION = YES;
				CLANG_WARN_OBJC_ROOT_CLASS = YES_ERROR;
				CLANG_WARN_QUOTED_INCLUDE_IN_FRAMEWORK_HEADER = YES;
				CLANG_WARN_RANGE_LOOP_ANALYSIS = YES;
				CLANG_WARN_STRICT_PROTOTYPES = YES;
				CLANG_WARN_SUSPICIOUS_MOVE = YES;
				CLANG_WARN_UNGUARDED_AVAILABILITY = YES_AGGRESSIVE;
				CLANG_WARN_UNREACHABLE_CODE = YES;
				CLANG_WARN__DUPLICATE_METHOD_MATCH = YES;
				COPY_PHASE_STRIP = NO;
				DEBUG_INFORMATION_FORMAT = "dwarf-with-dsym";
				ENABLE_NS_ASSERTIONS = NO;
				ENABLE_STRICT_OBJC_MSGSEND = YES;
				ENABLE_USER_SCRIPT_SANDBOXING = YES;
				GCC_C_LANGUAGE_STANDARD = gnu17;
				GCC_NO_COMMON_BLOCKS = YES;
				GCC_WARN_64_TO_32_BIT_CONVERSION = YES;
				GCC_WARN_ABOUT_RETURN_TYPE = YES_ERROR;
				GCC_WARN_UNDECLARED_SELECTOR = YES;
				GCC_WARN_UNINITIALIZED_AUTOS = YES_AGGRESSIVE;
				GCC_WARN_UNUSED_FUNCTION = YES;
				GCC_WARN_UNUSED_VARIABLE = YES;
				IPHONEOS_DEPLOYMENT_TARGET = 17.0;
				LOCALIZATION_PREFERS_STRING_CATALOGS = YES;
				MTL_ENABLE_DEBUG_INFO = NO;
				MTL_FAST_MATH = YES;
				SDKROOT = iphoneos;
				SWIFT_COMPILATION_MODE = wholemodule;
				VALIDATE_PRODUCT = YES;
			};
			name = Release;
		};
		FB37C13B2B328DC40072AF20 /* Debug */ = {
			isa = XCBuildConfiguration;
			buildSettings = {
				ASSETCATALOG_COMPILER_APPICON_NAME = AppIcon;
				ASSETCATALOG_COMPILER_GLOBAL_ACCENT_COLOR_NAME = AccentColor;
				CODE_SIGN_STYLE = Automatic;
				CURRENT_PROJECT_VERSION = 1;
				DEVELOPMENT_TEAM = UYLQK75UFF;
				GENERATE_INFOPLIST_FILE = YES;
				INFOPLIST_FILE = Tracker/Info.plist;
				INFOPLIST_KEY_UIApplicationSupportsIndirectInputEvents = YES;
				INFOPLIST_KEY_UILaunchStoryboardName = LaunchScreen;
				INFOPLIST_KEY_UISupportedInterfaceOrientations = UIInterfaceOrientationPortrait;
				INFOPLIST_KEY_UISupportedInterfaceOrientations_iPad = "UIInterfaceOrientationLandscapeLeft UIInterfaceOrientationLandscapeRight UIInterfaceOrientationPortrait UIInterfaceOrientationPortraitUpsideDown";
				IPHONEOS_DEPLOYMENT_TARGET = 13.4;
				LD_RUNPATH_SEARCH_PATHS = (
					"$(inherited)",
					"@executable_path/Frameworks",
				);
				MARKETING_VERSION = 1.0;
				PRODUCT_BUNDLE_IDENTIFIER = "online.e-craft.Tracker";
				PRODUCT_NAME = "$(TARGET_NAME)";
				SUPPORTED_PLATFORMS = "iphoneos iphonesimulator";
				SUPPORTS_MACCATALYST = NO;
				SUPPORTS_MAC_DESIGNED_FOR_IPHONE_IPAD = NO;
				SWIFT_EMIT_LOC_STRINGS = YES;
				SWIFT_VERSION = 5.0;
				TARGETED_DEVICE_FAMILY = 1;
			};
			name = Debug;
		};
		FB37C13C2B328DC40072AF20 /* Release */ = {
			isa = XCBuildConfiguration;
			buildSettings = {
				ASSETCATALOG_COMPILER_APPICON_NAME = AppIcon;
				ASSETCATALOG_COMPILER_GLOBAL_ACCENT_COLOR_NAME = AccentColor;
				CODE_SIGN_STYLE = Automatic;
				CURRENT_PROJECT_VERSION = 1;
				DEVELOPMENT_TEAM = UYLQK75UFF;
				GENERATE_INFOPLIST_FILE = YES;
				INFOPLIST_FILE = Tracker/Info.plist;
				INFOPLIST_KEY_UIApplicationSupportsIndirectInputEvents = YES;
				INFOPLIST_KEY_UILaunchStoryboardName = LaunchScreen;
				INFOPLIST_KEY_UISupportedInterfaceOrientations = UIInterfaceOrientationPortrait;
				INFOPLIST_KEY_UISupportedInterfaceOrientations_iPad = "UIInterfaceOrientationLandscapeLeft UIInterfaceOrientationLandscapeRight UIInterfaceOrientationPortrait UIInterfaceOrientationPortraitUpsideDown";
				IPHONEOS_DEPLOYMENT_TARGET = 13.4;
				LD_RUNPATH_SEARCH_PATHS = (
					"$(inherited)",
					"@executable_path/Frameworks",
				);
				MARKETING_VERSION = 1.0;
				PRODUCT_BUNDLE_IDENTIFIER = "online.e-craft.Tracker";
				PRODUCT_NAME = "$(TARGET_NAME)";
				SUPPORTED_PLATFORMS = "iphoneos iphonesimulator";
				SUPPORTS_MACCATALYST = NO;
				SUPPORTS_MAC_DESIGNED_FOR_IPHONE_IPAD = NO;
				SWIFT_EMIT_LOC_STRINGS = YES;
				SWIFT_VERSION = 5.0;
				TARGETED_DEVICE_FAMILY = 1;
			};
			name = Release;
		};
/* End XCBuildConfiguration section */

/* Begin XCConfigurationList section */
		FB37C1212B328DC30072AF20 /* Build configuration list for PBXProject "Tracker" */ = {
			isa = XCConfigurationList;
			buildConfigurations = (
				FB37C1382B328DC40072AF20 /* Debug */,
				FB37C1392B328DC40072AF20 /* Release */,
			);
			defaultConfigurationIsVisible = 0;
			defaultConfigurationName = Release;
		};
		FB37C13A2B328DC40072AF20 /* Build configuration list for PBXNativeTarget "Tracker" */ = {
			isa = XCConfigurationList;
			buildConfigurations = (
				FB37C13B2B328DC40072AF20 /* Debug */,
				FB37C13C2B328DC40072AF20 /* Release */,
			);
			defaultConfigurationIsVisible = 0;
			defaultConfigurationName = Release;
		};
/* End XCConfigurationList section */

/* Begin XCVersionGroup section */
		FBCF1B242B3DEB2400F05B15 /* Tracker.xcdatamodeld */ = {
			isa = XCVersionGroup;
			children = (
				FBCF1B252B3DEB2400F05B15 /* Tracker.xcdatamodel */,
			);
			currentVersion = FBCF1B252B3DEB2400F05B15 /* Tracker.xcdatamodel */;
			path = Tracker.xcdatamodeld;
			sourceTree = "<group>";
			versionGroupType = wrapper.xcdatamodel;
		};
/* End XCVersionGroup section */
	};
	rootObject = FB37C11E2B328DC30072AF20 /* Project object */;
}
